// !$*UTF8*$!
{
	archiveVersion = 1;
	classes = {
	};
	objectVersion = 46;
	objects = {

/* Begin PBXBuildFile section */
		840853821F04D61300D2AA17 /* main.m in Sources */ = {isa = PBXBuildFile; fileRef = 840853811F04D61300D2AA17 /* main.m */; };
		840853851F04D61300D2AA17 /* AppDelegate.m in Sources */ = {isa = PBXBuildFile; fileRef = 840853841F04D61300D2AA17 /* AppDelegate.m */; };
		840853881F04D61300D2AA17 /* ViewController.m in Sources */ = {isa = PBXBuildFile; fileRef = 840853871F04D61300D2AA17 /* ViewController.m */; };
		8408538B1F04D61300D2AA17 /* Main.storyboard in Resources */ = {isa = PBXBuildFile; fileRef = 840853891F04D61300D2AA17 /* Main.storyboard */; };
		8408538E1F04D61300D2AA17 /* CornerDemo.xcdatamodeld in Sources */ = {isa = PBXBuildFile; fileRef = 8408538C1F04D61300D2AA17 /* CornerDemo.xcdatamodeld */; };
		840853901F04D61300D2AA17 /* Assets.xcassets in Resources */ = {isa = PBXBuildFile; fileRef = 8408538F1F04D61300D2AA17 /* Assets.xcassets */; };
		840853931F04D61300D2AA17 /* LaunchScreen.storyboard in Resources */ = {isa = PBXBuildFile; fileRef = 840853911F04D61300D2AA17 /* LaunchScreen.storyboard */; };
		8408539E1F04D61300D2AA17 /* CornerDemoTests.m in Sources */ = {isa = PBXBuildFile; fileRef = 8408539D1F04D61300D2AA17 /* CornerDemoTests.m */; };
		840853A91F04D61300D2AA17 /* CornerDemoUITests.m in Sources */ = {isa = PBXBuildFile; fileRef = 840853A81F04D61300D2AA17 /* CornerDemoUITests.m */; };
		840853BB1F04D66500D2AA17 /* UIView+RoundCorner.m in Sources */ = {isa = PBXBuildFile; fileRef = 840853BA1F04D66500D2AA17 /* UIView+RoundCorner.m */; };
		840853D51F04D8E600D2AA17 /* MASCompositeConstraint.m in Sources */ = {isa = PBXBuildFile; fileRef = 840853BF1F04D8E600D2AA17 /* MASCompositeConstraint.m */; };
		840853D61F04D8E600D2AA17 /* MASConstraint.m in Sources */ = {isa = PBXBuildFile; fileRef = 840853C21F04D8E600D2AA17 /* MASConstraint.m */; };
		840853D71F04D8E600D2AA17 /* MASConstraintMaker.m in Sources */ = {isa = PBXBuildFile; fileRef = 840853C41F04D8E600D2AA17 /* MASConstraintMaker.m */; };
		840853D81F04D8E600D2AA17 /* MASLayoutConstraint.m in Sources */ = {isa = PBXBuildFile; fileRef = 840853C61F04D8E600D2AA17 /* MASLayoutConstraint.m */; };
		840853D91F04D8E600D2AA17 /* MASViewAttribute.m in Sources */ = {isa = PBXBuildFile; fileRef = 840853CA1F04D8E600D2AA17 /* MASViewAttribute.m */; };
		840853DA1F04D8E600D2AA17 /* MASViewConstraint.m in Sources */ = {isa = PBXBuildFile; fileRef = 840853CC1F04D8E600D2AA17 /* MASViewConstraint.m */; };
		840853DB1F04D8E600D2AA17 /* NSArray+MASAdditions.m in Sources */ = {isa = PBXBuildFile; fileRef = 840853CE1F04D8E600D2AA17 /* NSArray+MASAdditions.m */; };
		840853DC1F04D8E600D2AA17 /* NSLayoutConstraint+MASDebugAdditions.m in Sources */ = {isa = PBXBuildFile; fileRef = 840853D11F04D8E600D2AA17 /* NSLayoutConstraint+MASDebugAdditions.m */; };
		840853DD1F04D8E600D2AA17 /* View+MASAdditions.m in Sources */ = {isa = PBXBuildFile; fileRef = 840853D31F04D8E600D2AA17 /* View+MASAdditions.m */; };
		840853E01F04DB9500D2AA17 /* 1.png in Resources */ = {isa = PBXBuildFile; fileRef = 840853DF1F04DB9500D2AA17 /* 1.png */; };
		840854091F04DE4600D2AA17 /* MKAnnotationView+WebCache.m in Sources */ = {isa = PBXBuildFile; fileRef = 840853E31F04DE4600D2AA17 /* MKAnnotationView+WebCache.m */; };
		8408540A1F04DE4600D2AA17 /* NSData+ImageContentType.m in Sources */ = {isa = PBXBuildFile; fileRef = 840853E51F04DE4600D2AA17 /* NSData+ImageContentType.m */; };
		8408540B1F04DE4600D2AA17 /* NSImage+WebCache.m in Sources */ = {isa = PBXBuildFile; fileRef = 840853E71F04DE4600D2AA17 /* NSImage+WebCache.m */; };
		8408540C1F04DE4600D2AA17 /* SDImageCache.m in Sources */ = {isa = PBXBuildFile; fileRef = 840853E91F04DE4600D2AA17 /* SDImageCache.m */; };
		8408540D1F04DE4600D2AA17 /* SDImageCacheConfig.m in Sources */ = {isa = PBXBuildFile; fileRef = 840853EB1F04DE4600D2AA17 /* SDImageCacheConfig.m */; };
		8408540E1F04DE4600D2AA17 /* SDWebImageCompat.m in Sources */ = {isa = PBXBuildFile; fileRef = 840853ED1F04DE4600D2AA17 /* SDWebImageCompat.m */; };
		8408540F1F04DE4600D2AA17 /* SDWebImageDecoder.m in Sources */ = {isa = PBXBuildFile; fileRef = 840853EF1F04DE4600D2AA17 /* SDWebImageDecoder.m */; };
		840854101F04DE4600D2AA17 /* SDWebImageDownloader.m in Sources */ = {isa = PBXBuildFile; fileRef = 840853F11F04DE4600D2AA17 /* SDWebImageDownloader.m */; };
		840854111F04DE4600D2AA17 /* SDWebImageDownloaderOperation.m in Sources */ = {isa = PBXBuildFile; fileRef = 840853F31F04DE4600D2AA17 /* SDWebImageDownloaderOperation.m */; };
		840854121F04DE4600D2AA17 /* SDWebImageManager.m in Sources */ = {isa = PBXBuildFile; fileRef = 840853F51F04DE4600D2AA17 /* SDWebImageManager.m */; };
		840854131F04DE4600D2AA17 /* SDWebImagePrefetcher.m in Sources */ = {isa = PBXBuildFile; fileRef = 840853F81F04DE4600D2AA17 /* SDWebImagePrefetcher.m */; };
		840854141F04DE4600D2AA17 /* UIButton+WebCache.m in Sources */ = {isa = PBXBuildFile; fileRef = 840853FA1F04DE4600D2AA17 /* UIButton+WebCache.m */; };
		840854151F04DE4600D2AA17 /* UIImage+GIF.m in Sources */ = {isa = PBXBuildFile; fileRef = 840853FC1F04DE4600D2AA17 /* UIImage+GIF.m */; };
		840854161F04DE4600D2AA17 /* UIImage+MultiFormat.m in Sources */ = {isa = PBXBuildFile; fileRef = 840853FE1F04DE4600D2AA17 /* UIImage+MultiFormat.m */; };
		840854171F04DE4600D2AA17 /* UIImage+WebP.m in Sources */ = {isa = PBXBuildFile; fileRef = 840854001F04DE4600D2AA17 /* UIImage+WebP.m */; };
		840854181F04DE4600D2AA17 /* UIImageView+HighlightedWebCache.m in Sources */ = {isa = PBXBuildFile; fileRef = 840854021F04DE4600D2AA17 /* UIImageView+HighlightedWebCache.m */; };
		840854191F04DE4600D2AA17 /* UIImageView+WebCache.m in Sources */ = {isa = PBXBuildFile; fileRef = 840854041F04DE4600D2AA17 /* UIImageView+WebCache.m */; };
		8408541A1F04DE4600D2AA17 /* UIView+WebCache.m in Sources */ = {isa = PBXBuildFile; fileRef = 840854061F04DE4600D2AA17 /* UIView+WebCache.m */; };
		8408541B1F04DE4600D2AA17 /* UIView+WebCacheOperation.m in Sources */ = {isa = PBXBuildFile; fileRef = 840854081F04DE4600D2AA17 /* UIView+WebCacheOperation.m */; };
		844897391F06441100CD35DD /* ListViewController.m in Sources */ = {isa = PBXBuildFile; fileRef = 844897381F06441100CD35DD /* ListViewController.m */; };
		8448973C1F06448000CD35DD /* ListControl.m in Sources */ = {isa = PBXBuildFile; fileRef = 8448973B1F06448000CD35DD /* ListControl.m */; };
		84EC3FE21F064D1A00267D4A /* TableViewCell.m in Sources */ = {isa = PBXBuildFile; fileRef = 84EC3FE11F064D1A00267D4A /* TableViewCell.m */; };
		84EC3FE81F06551300267D4A /* YYFPSLabel.m in Sources */ = {isa = PBXBuildFile; fileRef = 84EC3FE51F06551300267D4A /* YYFPSLabel.m */; };
		84EC3FE91F06551300267D4A /* YYWeakProxy.m in Sources */ = {isa = PBXBuildFile; fileRef = 84EC3FE71F06551300267D4A /* YYWeakProxy.m */; };
/* End PBXBuildFile section */

/* Begin PBXContainerItemProxy section */
		8408539A1F04D61300D2AA17 /* PBXContainerItemProxy */ = {
			isa = PBXContainerItemProxy;
			containerPortal = 840853751F04D61200D2AA17 /* Project object */;
			proxyType = 1;
			remoteGlobalIDString = 8408537C1F04D61200D2AA17;
			remoteInfo = CornerDemo;
		};
		840853A51F04D61300D2AA17 /* PBXContainerItemProxy */ = {
			isa = PBXContainerItemProxy;
			containerPortal = 840853751F04D61200D2AA17 /* Project object */;
			proxyType = 1;
			remoteGlobalIDString = 8408537C1F04D61200D2AA17;
			remoteInfo = CornerDemo;
		};
/* End PBXContainerItemProxy section */

/* Begin PBXFileReference section */
		8408537D1F04D61200D2AA17 /* CornerDemo.app */ = {isa = PBXFileReference; explicitFileType = wrapper.application; includeInIndex = 0; path = CornerDemo.app; sourceTree = BUILT_PRODUCTS_DIR; };
		840853811F04D61300D2AA17 /* main.m */ = {isa = PBXFileReference; lastKnownFileType = sourcecode.c.objc; path = main.m; sourceTree = "<group>"; };
		840853831F04D61300D2AA17 /* AppDelegate.h */ = {isa = PBXFileReference; lastKnownFileType = sourcecode.c.h; path = AppDelegate.h; sourceTree = "<group>"; };
		840853841F04D61300D2AA17 /* AppDelegate.m */ = {isa = PBXFileReference; lastKnownFileType = sourcecode.c.objc; path = AppDelegate.m; sourceTree = "<group>"; };
		840853861F04D61300D2AA17 /* ViewController.h */ = {isa = PBXFileReference; lastKnownFileType = sourcecode.c.h; path = ViewController.h; sourceTree = "<group>"; };
		840853871F04D61300D2AA17 /* ViewController.m */ = {isa = PBXFileReference; lastKnownFileType = sourcecode.c.objc; path = ViewController.m; sourceTree = "<group>"; };
		8408538A1F04D61300D2AA17 /* Base */ = {isa = PBXFileReference; lastKnownFileType = file.storyboard; name = Base; path = Base.lproj/Main.storyboard; sourceTree = "<group>"; };
		8408538D1F04D61300D2AA17 /* CornerDemo.xcdatamodel */ = {isa = PBXFileReference; lastKnownFileType = wrapper.xcdatamodel; path = CornerDemo.xcdatamodel; sourceTree = "<group>"; };
		8408538F1F04D61300D2AA17 /* Assets.xcassets */ = {isa = PBXFileReference; lastKnownFileType = folder.assetcatalog; path = Assets.xcassets; sourceTree = "<group>"; };
		840853921F04D61300D2AA17 /* Base */ = {isa = PBXFileReference; lastKnownFileType = file.storyboard; name = Base; path = Base.lproj/LaunchScreen.storyboard; sourceTree = "<group>"; };
		840853941F04D61300D2AA17 /* Info.plist */ = {isa = PBXFileReference; lastKnownFileType = text.plist.xml; path = Info.plist; sourceTree = "<group>"; };
		840853991F04D61300D2AA17 /* CornerDemoTests.xctest */ = {isa = PBXFileReference; explicitFileType = wrapper.cfbundle; includeInIndex = 0; path = CornerDemoTests.xctest; sourceTree = BUILT_PRODUCTS_DIR; };
		8408539D1F04D61300D2AA17 /* CornerDemoTests.m */ = {isa = PBXFileReference; lastKnownFileType = sourcecode.c.objc; path = CornerDemoTests.m; sourceTree = "<group>"; };
		8408539F1F04D61300D2AA17 /* Info.plist */ = {isa = PBXFileReference; lastKnownFileType = text.plist.xml; path = Info.plist; sourceTree = "<group>"; };
		840853A41F04D61300D2AA17 /* CornerDemoUITests.xctest */ = {isa = PBXFileReference; explicitFileType = wrapper.cfbundle; includeInIndex = 0; path = CornerDemoUITests.xctest; sourceTree = BUILT_PRODUCTS_DIR; };
		840853A81F04D61300D2AA17 /* CornerDemoUITests.m */ = {isa = PBXFileReference; lastKnownFileType = sourcecode.c.objc; path = CornerDemoUITests.m; sourceTree = "<group>"; };
		840853AA1F04D61300D2AA17 /* Info.plist */ = {isa = PBXFileReference; lastKnownFileType = text.plist.xml; path = Info.plist; sourceTree = "<group>"; };
		840853B91F04D66500D2AA17 /* UIView+RoundCorner.h */ = {isa = PBXFileReference; fileEncoding = 4; lastKnownFileType = sourcecode.c.h; path = "UIView+RoundCorner.h"; sourceTree = "<group>"; };
		840853BA1F04D66500D2AA17 /* UIView+RoundCorner.m */ = {isa = PBXFileReference; fileEncoding = 4; lastKnownFileType = sourcecode.c.objc; path = "UIView+RoundCorner.m"; sourceTree = "<group>"; };
		840853BE1F04D8E600D2AA17 /* MASCompositeConstraint.h */ = {isa = PBXFileReference; fileEncoding = 4; lastKnownFileType = sourcecode.c.h; path = MASCompositeConstraint.h; sourceTree = "<group>"; };
		840853BF1F04D8E600D2AA17 /* MASCompositeConstraint.m */ = {isa = PBXFileReference; fileEncoding = 4; lastKnownFileType = sourcecode.c.objc; path = MASCompositeConstraint.m; sourceTree = "<group>"; };
		840853C01F04D8E600D2AA17 /* MASConstraint+Private.h */ = {isa = PBXFileReference; fileEncoding = 4; lastKnownFileType = sourcecode.c.h; path = "MASConstraint+Private.h"; sourceTree = "<group>"; };
		840853C11F04D8E600D2AA17 /* MASConstraint.h */ = {isa = PBXFileReference; fileEncoding = 4; lastKnownFileType = sourcecode.c.h; path = MASConstraint.h; sourceTree = "<group>"; };
		840853C21F04D8E600D2AA17 /* MASConstraint.m */ = {isa = PBXFileReference; fileEncoding = 4; lastKnownFileType = sourcecode.c.objc; path = MASConstraint.m; sourceTree = "<group>"; };
		840853C31F04D8E600D2AA17 /* MASConstraintMaker.h */ = {isa = PBXFileReference; fileEncoding = 4; lastKnownFileType = sourcecode.c.h; path = MASConstraintMaker.h; sourceTree = "<group>"; };
		840853C41F04D8E600D2AA17 /* MASConstraintMaker.m */ = {isa = PBXFileReference; fileEncoding = 4; lastKnownFileType = sourcecode.c.objc; path = MASConstraintMaker.m; sourceTree = "<group>"; };
		840853C51F04D8E600D2AA17 /* MASLayoutConstraint.h */ = {isa = PBXFileReference; fileEncoding = 4; lastKnownFileType = sourcecode.c.h; path = MASLayoutConstraint.h; sourceTree = "<group>"; };
		840853C61F04D8E600D2AA17 /* MASLayoutConstraint.m */ = {isa = PBXFileReference; fileEncoding = 4; lastKnownFileType = sourcecode.c.objc; path = MASLayoutConstraint.m; sourceTree = "<group>"; };
		840853C71F04D8E600D2AA17 /* Masonry.h */ = {isa = PBXFileReference; fileEncoding = 4; lastKnownFileType = sourcecode.c.h; path = Masonry.h; sourceTree = "<group>"; };
		840853C81F04D8E600D2AA17 /* MASUtilities.h */ = {isa = PBXFileReference; fileEncoding = 4; lastKnownFileType = sourcecode.c.h; path = MASUtilities.h; sourceTree = "<group>"; };
		840853C91F04D8E600D2AA17 /* MASViewAttribute.h */ = {isa = PBXFileReference; fileEncoding = 4; lastKnownFileType = sourcecode.c.h; path = MASViewAttribute.h; sourceTree = "<group>"; };
		840853CA1F04D8E600D2AA17 /* MASViewAttribute.m */ = {isa = PBXFileReference; fileEncoding = 4; lastKnownFileType = sourcecode.c.objc; path = MASViewAttribute.m; sourceTree = "<group>"; };
		840853CB1F04D8E600D2AA17 /* MASViewConstraint.h */ = {isa = PBXFileReference; fileEncoding = 4; lastKnownFileType = sourcecode.c.h; path = MASViewConstraint.h; sourceTree = "<group>"; };
		840853CC1F04D8E600D2AA17 /* MASViewConstraint.m */ = {isa = PBXFileReference; fileEncoding = 4; lastKnownFileType = sourcecode.c.objc; path = MASViewConstraint.m; sourceTree = "<group>"; };
		840853CD1F04D8E600D2AA17 /* NSArray+MASAdditions.h */ = {isa = PBXFileReference; fileEncoding = 4; lastKnownFileType = sourcecode.c.h; path = "NSArray+MASAdditions.h"; sourceTree = "<group>"; };
		840853CE1F04D8E600D2AA17 /* NSArray+MASAdditions.m */ = {isa = PBXFileReference; fileEncoding = 4; lastKnownFileType = sourcecode.c.objc; path = "NSArray+MASAdditions.m"; sourceTree = "<group>"; };
		840853CF1F04D8E600D2AA17 /* NSArray+MASShorthandAdditions.h */ = {isa = PBXFileReference; fileEncoding = 4; lastKnownFileType = sourcecode.c.h; path = "NSArray+MASShorthandAdditions.h"; sourceTree = "<group>"; };
		840853D01F04D8E600D2AA17 /* NSLayoutConstraint+MASDebugAdditions.h */ = {isa = PBXFileReference; fileEncoding = 4; lastKnownFileType = sourcecode.c.h; path = "NSLayoutConstraint+MASDebugAdditions.h"; sourceTree = "<group>"; };
		840853D11F04D8E600D2AA17 /* NSLayoutConstraint+MASDebugAdditions.m */ = {isa = PBXFileReference; fileEncoding = 4; lastKnownFileType = sourcecode.c.objc; path = "NSLayoutConstraint+MASDebugAdditions.m"; sourceTree = "<group>"; };
		840853D21F04D8E600D2AA17 /* View+MASAdditions.h */ = {isa = PBXFileReference; fileEncoding = 4; lastKnownFileType = sourcecode.c.h; path = "View+MASAdditions.h"; sourceTree = "<group>"; };
		840853D31F04D8E600D2AA17 /* View+MASAdditions.m */ = {isa = PBXFileReference; fileEncoding = 4; lastKnownFileType = sourcecode.c.objc; path = "View+MASAdditions.m"; sourceTree = "<group>"; };
		840853D41F04D8E600D2AA17 /* View+MASShorthandAdditions.h */ = {isa = PBXFileReference; fileEncoding = 4; lastKnownFileType = sourcecode.c.h; path = "View+MASShorthandAdditions.h"; sourceTree = "<group>"; };
		840853DE1F04D8F100D2AA17 /* PrefixHeader.pch */ = {isa = PBXFileReference; lastKnownFileType = sourcecode.c.h; path = PrefixHeader.pch; sourceTree = "<group>"; };
		840853DF1F04DB9500D2AA17 /* 1.png */ = {isa = PBXFileReference; lastKnownFileType = image.png; path = 1.png; sourceTree = "<group>"; };
		840853E21F04DE4600D2AA17 /* MKAnnotationView+WebCache.h */ = {isa = PBXFileReference; fileEncoding = 4; lastKnownFileType = sourcecode.c.h; path = "MKAnnotationView+WebCache.h"; sourceTree = "<group>"; };
		840853E31F04DE4600D2AA17 /* MKAnnotationView+WebCache.m */ = {isa = PBXFileReference; fileEncoding = 4; lastKnownFileType = sourcecode.c.objc; path = "MKAnnotationView+WebCache.m"; sourceTree = "<group>"; };
		840853E41F04DE4600D2AA17 /* NSData+ImageContentType.h */ = {isa = PBXFileReference; fileEncoding = 4; lastKnownFileType = sourcecode.c.h; path = "NSData+ImageContentType.h"; sourceTree = "<group>"; };
		840853E51F04DE4600D2AA17 /* NSData+ImageContentType.m */ = {isa = PBXFileReference; fileEncoding = 4; lastKnownFileType = sourcecode.c.objc; path = "NSData+ImageContentType.m"; sourceTree = "<group>"; };
		840853E61F04DE4600D2AA17 /* NSImage+WebCache.h */ = {isa = PBXFileReference; fileEncoding = 4; lastKnownFileType = sourcecode.c.h; path = "NSImage+WebCache.h"; sourceTree = "<group>"; };
		840853E71F04DE4600D2AA17 /* NSImage+WebCache.m */ = {isa = PBXFileReference; fileEncoding = 4; lastKnownFileType = sourcecode.c.objc; path = "NSImage+WebCache.m"; sourceTree = "<group>"; };
		840853E81F04DE4600D2AA17 /* SDImageCache.h */ = {isa = PBXFileReference; fileEncoding = 4; lastKnownFileType = sourcecode.c.h; path = SDImageCache.h; sourceTree = "<group>"; };
		840853E91F04DE4600D2AA17 /* SDImageCache.m */ = {isa = PBXFileReference; fileEncoding = 4; lastKnownFileType = sourcecode.c.objc; path = SDImageCache.m; sourceTree = "<group>"; };
		840853EA1F04DE4600D2AA17 /* SDImageCacheConfig.h */ = {isa = PBXFileReference; fileEncoding = 4; lastKnownFileType = sourcecode.c.h; path = SDImageCacheConfig.h; sourceTree = "<group>"; };
		840853EB1F04DE4600D2AA17 /* SDImageCacheConfig.m */ = {isa = PBXFileReference; fileEncoding = 4; lastKnownFileType = sourcecode.c.objc; path = SDImageCacheConfig.m; sourceTree = "<group>"; };
		840853EC1F04DE4600D2AA17 /* SDWebImageCompat.h */ = {isa = PBXFileReference; fileEncoding = 4; lastKnownFileType = sourcecode.c.h; path = SDWebImageCompat.h; sourceTree = "<group>"; };
		840853ED1F04DE4600D2AA17 /* SDWebImageCompat.m */ = {isa = PBXFileReference; fileEncoding = 4; lastKnownFileType = sourcecode.c.objc; path = SDWebImageCompat.m; sourceTree = "<group>"; };
		840853EE1F04DE4600D2AA17 /* SDWebImageDecoder.h */ = {isa = PBXFileReference; fileEncoding = 4; lastKnownFileType = sourcecode.c.h; path = SDWebImageDecoder.h; sourceTree = "<group>"; };
		840853EF1F04DE4600D2AA17 /* SDWebImageDecoder.m */ = {isa = PBXFileReference; fileEncoding = 4; lastKnownFileType = sourcecode.c.objc; path = SDWebImageDecoder.m; sourceTree = "<group>"; };
		840853F01F04DE4600D2AA17 /* SDWebImageDownloader.h */ = {isa = PBXFileReference; fileEncoding = 4; lastKnownFileType = sourcecode.c.h; path = SDWebImageDownloader.h; sourceTree = "<group>"; };
		840853F11F04DE4600D2AA17 /* SDWebImageDownloader.m */ = {isa = PBXFileReference; fileEncoding = 4; lastKnownFileType = sourcecode.c.objc; path = SDWebImageDownloader.m; sourceTree = "<group>"; };
		840853F21F04DE4600D2AA17 /* SDWebImageDownloaderOperation.h */ = {isa = PBXFileReference; fileEncoding = 4; lastKnownFileType = sourcecode.c.h; path = SDWebImageDownloaderOperation.h; sourceTree = "<group>"; };
		840853F31F04DE4600D2AA17 /* SDWebImageDownloaderOperation.m */ = {isa = PBXFileReference; fileEncoding = 4; lastKnownFileType = sourcecode.c.objc; path = SDWebImageDownloaderOperation.m; sourceTree = "<group>"; };
		840853F41F04DE4600D2AA17 /* SDWebImageManager.h */ = {isa = PBXFileReference; fileEncoding = 4; lastKnownFileType = sourcecode.c.h; path = SDWebImageManager.h; sourceTree = "<group>"; };
		840853F51F04DE4600D2AA17 /* SDWebImageManager.m */ = {isa = PBXFileReference; fileEncoding = 4; lastKnownFileType = sourcecode.c.objc; path = SDWebImageManager.m; sourceTree = "<group>"; };
		840853F61F04DE4600D2AA17 /* SDWebImageOperation.h */ = {isa = PBXFileReference; fileEncoding = 4; lastKnownFileType = sourcecode.c.h; path = SDWebImageOperation.h; sourceTree = "<group>"; };
		840853F71F04DE4600D2AA17 /* SDWebImagePrefetcher.h */ = {isa = PBXFileReference; fileEncoding = 4; lastKnownFileType = sourcecode.c.h; path = SDWebImagePrefetcher.h; sourceTree = "<group>"; };
		840853F81F04DE4600D2AA17 /* SDWebImagePrefetcher.m */ = {isa = PBXFileReference; fileEncoding = 4; lastKnownFileType = sourcecode.c.objc; path = SDWebImagePrefetcher.m; sourceTree = "<group>"; };
		840853F91F04DE4600D2AA17 /* UIButton+WebCache.h */ = {isa = PBXFileReference; fileEncoding = 4; lastKnownFileType = sourcecode.c.h; path = "UIButton+WebCache.h"; sourceTree = "<group>"; };
		840853FA1F04DE4600D2AA17 /* UIButton+WebCache.m */ = {isa = PBXFileReference; fileEncoding = 4; lastKnownFileType = sourcecode.c.objc; path = "UIButton+WebCache.m"; sourceTree = "<group>"; };
		840853FB1F04DE4600D2AA17 /* UIImage+GIF.h */ = {isa = PBXFileReference; fileEncoding = 4; lastKnownFileType = sourcecode.c.h; path = "UIImage+GIF.h"; sourceTree = "<group>"; };
		840853FC1F04DE4600D2AA17 /* UIImage+GIF.m */ = {isa = PBXFileReference; fileEncoding = 4; lastKnownFileType = sourcecode.c.objc; path = "UIImage+GIF.m"; sourceTree = "<group>"; };
		840853FD1F04DE4600D2AA17 /* UIImage+MultiFormat.h */ = {isa = PBXFileReference; fileEncoding = 4; lastKnownFileType = sourcecode.c.h; path = "UIImage+MultiFormat.h"; sourceTree = "<group>"; };
		840853FE1F04DE4600D2AA17 /* UIImage+MultiFormat.m */ = {isa = PBXFileReference; fileEncoding = 4; lastKnownFileType = sourcecode.c.objc; path = "UIImage+MultiFormat.m"; sourceTree = "<group>"; };
		840853FF1F04DE4600D2AA17 /* UIImage+WebP.h */ = {isa = PBXFileReference; fileEncoding = 4; lastKnownFileType = sourcecode.c.h; path = "UIImage+WebP.h"; sourceTree = "<group>"; };
		840854001F04DE4600D2AA17 /* UIImage+WebP.m */ = {isa = PBXFileReference; fileEncoding = 4; lastKnownFileType = sourcecode.c.objc; path = "UIImage+WebP.m"; sourceTree = "<group>"; };
		840854011F04DE4600D2AA17 /* UIImageView+HighlightedWebCache.h */ = {isa = PBXFileReference; fileEncoding = 4; lastKnownFileType = sourcecode.c.h; path = "UIImageView+HighlightedWebCache.h"; sourceTree = "<group>"; };
		840854021F04DE4600D2AA17 /* UIImageView+HighlightedWebCache.m */ = {isa = PBXFileReference; fileEncoding = 4; lastKnownFileType = sourcecode.c.objc; path = "UIImageView+HighlightedWebCache.m"; sourceTree = "<group>"; };
		840854031F04DE4600D2AA17 /* UIImageView+WebCache.h */ = {isa = PBXFileReference; fileEncoding = 4; lastKnownFileType = sourcecode.c.h; path = "UIImageView+WebCache.h"; sourceTree = "<group>"; };
		840854041F04DE4600D2AA17 /* UIImageView+WebCache.m */ = {isa = PBXFileReference; fileEncoding = 4; lastKnownFileType = sourcecode.c.objc; path = "UIImageView+WebCache.m"; sourceTree = "<group>"; };
		840854051F04DE4600D2AA17 /* UIView+WebCache.h */ = {isa = PBXFileReference; fileEncoding = 4; lastKnownFileType = sourcecode.c.h; path = "UIView+WebCache.h"; sourceTree = "<group>"; };
		840854061F04DE4600D2AA17 /* UIView+WebCache.m */ = {isa = PBXFileReference; fileEncoding = 4; lastKnownFileType = sourcecode.c.objc; path = "UIView+WebCache.m"; sourceTree = "<group>"; };
		840854071F04DE4600D2AA17 /* UIView+WebCacheOperation.h */ = {isa = PBXFileReference; fileEncoding = 4; lastKnownFileType = sourcecode.c.h; path = "UIView+WebCacheOperation.h"; sourceTree = "<group>"; };
		840854081F04DE4600D2AA17 /* UIView+WebCacheOperation.m */ = {isa = PBXFileReference; fileEncoding = 4; lastKnownFileType = sourcecode.c.objc; path = "UIView+WebCacheOperation.m"; sourceTree = "<group>"; };
		844897371F06441100CD35DD /* ListViewController.h */ = {isa = PBXFileReference; fileEncoding = 4; lastKnownFileType = sourcecode.c.h; path = ListViewController.h; sourceTree = "<group>"; };
		844897381F06441100CD35DD /* ListViewController.m */ = {isa = PBXFileReference; fileEncoding = 4; lastKnownFileType = sourcecode.c.objc; path = ListViewController.m; sourceTree = "<group>"; };
		8448973A1F06448000CD35DD /* ListControl.h */ = {isa = PBXFileReference; fileEncoding = 4; lastKnownFileType = sourcecode.c.h; path = ListControl.h; sourceTree = "<group>"; };
		8448973B1F06448000CD35DD /* ListControl.m */ = {isa = PBXFileReference; fileEncoding = 4; lastKnownFileType = sourcecode.c.objc; path = ListControl.m; sourceTree = "<group>"; };
		84EC3FE01F064D1A00267D4A /* TableViewCell.h */ = {isa = PBXFileReference; fileEncoding = 4; lastKnownFileType = sourcecode.c.h; path = TableViewCell.h; sourceTree = "<group>"; };
		84EC3FE11F064D1A00267D4A /* TableViewCell.m */ = {isa = PBXFileReference; fileEncoding = 4; lastKnownFileType = sourcecode.c.objc; path = TableViewCell.m; sourceTree = "<group>"; };
		84EC3FE41F06551300267D4A /* YYFPSLabel.h */ = {isa = PBXFileReference; fileEncoding = 4; lastKnownFileType = sourcecode.c.h; path = YYFPSLabel.h; sourceTree = "<group>"; };
		84EC3FE51F06551300267D4A /* YYFPSLabel.m */ = {isa = PBXFileReference; fileEncoding = 4; lastKnownFileType = sourcecode.c.objc; path = YYFPSLabel.m; sourceTree = "<group>"; };
		84EC3FE61F06551300267D4A /* YYWeakProxy.h */ = {isa = PBXFileReference; fileEncoding = 4; lastKnownFileType = sourcecode.c.h; path = YYWeakProxy.h; sourceTree = "<group>"; };
		84EC3FE71F06551300267D4A /* YYWeakProxy.m */ = {isa = PBXFileReference; fileEncoding = 4; lastKnownFileType = sourcecode.c.objc; path = YYWeakProxy.m; sourceTree = "<group>"; };
/* End PBXFileReference section */

/* Begin PBXFrameworksBuildPhase section */
		8408537A1F04D61200D2AA17 /* Frameworks */ = {
			isa = PBXFrameworksBuildPhase;
			buildActionMask = 2147483647;
			files = (
			);
			runOnlyForDeploymentPostprocessing = 0;
		};
		840853961F04D61300D2AA17 /* Frameworks */ = {
			isa = PBXFrameworksBuildPhase;
			buildActionMask = 2147483647;
			files = (
			);
			runOnlyForDeploymentPostprocessing = 0;
		};
		840853A11F04D61300D2AA17 /* Frameworks */ = {
			isa = PBXFrameworksBuildPhase;
			buildActionMask = 2147483647;
			files = (
			);
			runOnlyForDeploymentPostprocessing = 0;
		};
/* End PBXFrameworksBuildPhase section */

/* Begin PBXGroup section */
		840853741F04D61200D2AA17 = {
			isa = PBXGroup;
			children = (
				840853DF1F04DB9500D2AA17 /* 1.png */,
				840853DE1F04D8F100D2AA17 /* PrefixHeader.pch */,
				840853BC1F04D8E600D2AA17 /* Des */,
				8408537F1F04D61300D2AA17 /* CornerDemo */,
				8408539C1F04D61300D2AA17 /* CornerDemoTests */,
				840853A71F04D61300D2AA17 /* CornerDemoUITests */,
				8408537E1F04D61200D2AA17 /* Products */,
			);
			sourceTree = "<group>";
		};
		8408537E1F04D61200D2AA17 /* Products */ = {
			isa = PBXGroup;
			children = (
				8408537D1F04D61200D2AA17 /* CornerDemo.app */,
				840853991F04D61300D2AA17 /* CornerDemoTests.xctest */,
				840853A41F04D61300D2AA17 /* CornerDemoUITests.xctest */,
			);
			name = Products;
			sourceTree = "<group>";
		};
		8408537F1F04D61300D2AA17 /* CornerDemo */ = {
			isa = PBXGroup;
			children = (
				840853831F04D61300D2AA17 /* AppDelegate.h */,
				840853841F04D61300D2AA17 /* AppDelegate.m */,
				840853861F04D61300D2AA17 /* ViewController.h */,
				840853871F04D61300D2AA17 /* ViewController.m */,
				844897371F06441100CD35DD /* ListViewController.h */,
				844897381F06441100CD35DD /* ListViewController.m */,
				8448973A1F06448000CD35DD /* ListControl.h */,
				8448973B1F06448000CD35DD /* ListControl.m */,
				84EC3FE01F064D1A00267D4A /* TableViewCell.h */,
				84EC3FE11F064D1A00267D4A /* TableViewCell.m */,
				840853891F04D61300D2AA17 /* Main.storyboard */,
				8408538F1F04D61300D2AA17 /* Assets.xcassets */,
				840853911F04D61300D2AA17 /* LaunchScreen.storyboard */,
				840853941F04D61300D2AA17 /* Info.plist */,
				8408538C1F04D61300D2AA17 /* CornerDemo.xcdatamodeld */,
				840853801F04D61300D2AA17 /* Supporting Files */,
				840853B91F04D66500D2AA17 /* UIView+RoundCorner.h */,
				840853BA1F04D66500D2AA17 /* UIView+RoundCorner.m */,
			);
			path = CornerDemo;
			sourceTree = "<group>";
		};
		840853801F04D61300D2AA17 /* Supporting Files */ = {
			isa = PBXGroup;
			children = (
				840853811F04D61300D2AA17 /* main.m */,
			);
			name = "Supporting Files";
			sourceTree = "<group>";
		};
		8408539C1F04D61300D2AA17 /* CornerDemoTests */ = {
			isa = PBXGroup;
			children = (
				8408539D1F04D61300D2AA17 /* CornerDemoTests.m */,
				8408539F1F04D61300D2AA17 /* Info.plist */,
			);
			path = CornerDemoTests;
			sourceTree = "<group>";
		};
		840853A71F04D61300D2AA17 /* CornerDemoUITests */ = {
			isa = PBXGroup;
			children = (
				840853A81F04D61300D2AA17 /* CornerDemoUITests.m */,
				840853AA1F04D61300D2AA17 /* Info.plist */,
			);
			path = CornerDemoUITests;
			sourceTree = "<group>";
		};
		840853BC1F04D8E600D2AA17 /* Des */ = {
			isa = PBXGroup;
			children = (
				84EC3FE31F06551300267D4A /* YYFPSLabel */,
				840853E11F04DE4600D2AA17 /* SDWebImage */,
				840853BD1F04D8E600D2AA17 /* Masonry */,
			);
			path = Des;
			sourceTree = "<group>";
		};
		840853BD1F04D8E600D2AA17 /* Masonry */ = {
			isa = PBXGroup;
			children = (
				840853BE1F04D8E600D2AA17 /* MASCompositeConstraint.h */,
				840853BF1F04D8E600D2AA17 /* MASCompositeConstraint.m */,
				840853C01F04D8E600D2AA17 /* MASConstraint+Private.h */,
				840853C11F04D8E600D2AA17 /* MASConstraint.h */,
				840853C21F04D8E600D2AA17 /* MASConstraint.m */,
				840853C31F04D8E600D2AA17 /* MASConstraintMaker.h */,
				840853C41F04D8E600D2AA17 /* MASConstraintMaker.m */,
				840853C51F04D8E600D2AA17 /* MASLayoutConstraint.h */,
				840853C61F04D8E600D2AA17 /* MASLayoutConstraint.m */,
				840853C71F04D8E600D2AA17 /* Masonry.h */,
				840853C81F04D8E600D2AA17 /* MASUtilities.h */,
				840853C91F04D8E600D2AA17 /* MASViewAttribute.h */,
				840853CA1F04D8E600D2AA17 /* MASViewAttribute.m */,
				840853CB1F04D8E600D2AA17 /* MASViewConstraint.h */,
				840853CC1F04D8E600D2AA17 /* MASViewConstraint.m */,
				840853CD1F04D8E600D2AA17 /* NSArray+MASAdditions.h */,
				840853CE1F04D8E600D2AA17 /* NSArray+MASAdditions.m */,
				840853CF1F04D8E600D2AA17 /* NSArray+MASShorthandAdditions.h */,
				840853D01F04D8E600D2AA17 /* NSLayoutConstraint+MASDebugAdditions.h */,
				840853D11F04D8E600D2AA17 /* NSLayoutConstraint+MASDebugAdditions.m */,
				840853D21F04D8E600D2AA17 /* View+MASAdditions.h */,
				840853D31F04D8E600D2AA17 /* View+MASAdditions.m */,
				840853D41F04D8E600D2AA17 /* View+MASShorthandAdditions.h */,
			);
			path = Masonry;
			sourceTree = "<group>";
		};
		840853E11F04DE4600D2AA17 /* SDWebImage */ = {
			isa = PBXGroup;
			children = (
				840853E21F04DE4600D2AA17 /* MKAnnotationView+WebCache.h */,
				840853E31F04DE4600D2AA17 /* MKAnnotationView+WebCache.m */,
				840853E41F04DE4600D2AA17 /* NSData+ImageContentType.h */,
				840853E51F04DE4600D2AA17 /* NSData+ImageContentType.m */,
				840853E61F04DE4600D2AA17 /* NSImage+WebCache.h */,
				840853E71F04DE4600D2AA17 /* NSImage+WebCache.m */,
				840853E81F04DE4600D2AA17 /* SDImageCache.h */,
				840853E91F04DE4600D2AA17 /* SDImageCache.m */,
				840853EA1F04DE4600D2AA17 /* SDImageCacheConfig.h */,
				840853EB1F04DE4600D2AA17 /* SDImageCacheConfig.m */,
				840853EC1F04DE4600D2AA17 /* SDWebImageCompat.h */,
				840853ED1F04DE4600D2AA17 /* SDWebImageCompat.m */,
				840853EE1F04DE4600D2AA17 /* SDWebImageDecoder.h */,
				840853EF1F04DE4600D2AA17 /* SDWebImageDecoder.m */,
				840853F01F04DE4600D2AA17 /* SDWebImageDownloader.h */,
				840853F11F04DE4600D2AA17 /* SDWebImageDownloader.m */,
				840853F21F04DE4600D2AA17 /* SDWebImageDownloaderOperation.h */,
				840853F31F04DE4600D2AA17 /* SDWebImageDownloaderOperation.m */,
				840853F41F04DE4600D2AA17 /* SDWebImageManager.h */,
				840853F51F04DE4600D2AA17 /* SDWebImageManager.m */,
				840853F61F04DE4600D2AA17 /* SDWebImageOperation.h */,
				840853F71F04DE4600D2AA17 /* SDWebImagePrefetcher.h */,
				840853F81F04DE4600D2AA17 /* SDWebImagePrefetcher.m */,
				840853F91F04DE4600D2AA17 /* UIButton+WebCache.h */,
				840853FA1F04DE4600D2AA17 /* UIButton+WebCache.m */,
				840853FB1F04DE4600D2AA17 /* UIImage+GIF.h */,
				840853FC1F04DE4600D2AA17 /* UIImage+GIF.m */,
				840853FD1F04DE4600D2AA17 /* UIImage+MultiFormat.h */,
				840853FE1F04DE4600D2AA17 /* UIImage+MultiFormat.m */,
				840853FF1F04DE4600D2AA17 /* UIImage+WebP.h */,
				840854001F04DE4600D2AA17 /* UIImage+WebP.m */,
				840854011F04DE4600D2AA17 /* UIImageView+HighlightedWebCache.h */,
				840854021F04DE4600D2AA17 /* UIImageView+HighlightedWebCache.m */,
				840854031F04DE4600D2AA17 /* UIImageView+WebCache.h */,
				840854041F04DE4600D2AA17 /* UIImageView+WebCache.m */,
				840854051F04DE4600D2AA17 /* UIView+WebCache.h */,
				840854061F04DE4600D2AA17 /* UIView+WebCache.m */,
				840854071F04DE4600D2AA17 /* UIView+WebCacheOperation.h */,
				840854081F04DE4600D2AA17 /* UIView+WebCacheOperation.m */,
			);
			path = SDWebImage;
			sourceTree = "<group>";
		};
		84EC3FE31F06551300267D4A /* YYFPSLabel */ = {
			isa = PBXGroup;
			children = (
				84EC3FE41F06551300267D4A /* YYFPSLabel.h */,
				84EC3FE51F06551300267D4A /* YYFPSLabel.m */,
				84EC3FE61F06551300267D4A /* YYWeakProxy.h */,
				84EC3FE71F06551300267D4A /* YYWeakProxy.m */,
			);
			path = YYFPSLabel;
			sourceTree = "<group>";
		};
/* End PBXGroup section */

/* Begin PBXNativeTarget section */
		8408537C1F04D61200D2AA17 /* CornerDemo */ = {
			isa = PBXNativeTarget;
			buildConfigurationList = 840853AD1F04D61300D2AA17 /* Build configuration list for PBXNativeTarget "CornerDemo" */;
			buildPhases = (
				840853791F04D61200D2AA17 /* Sources */,
				8408537A1F04D61200D2AA17 /* Frameworks */,
				8408537B1F04D61200D2AA17 /* Resources */,
			);
			buildRules = (
			);
			dependencies = (
			);
			name = CornerDemo;
			productName = CornerDemo;
			productReference = 8408537D1F04D61200D2AA17 /* CornerDemo.app */;
			productType = "com.apple.product-type.application";
		};
		840853981F04D61300D2AA17 /* CornerDemoTests */ = {
			isa = PBXNativeTarget;
			buildConfigurationList = 840853B01F04D61300D2AA17 /* Build configuration list for PBXNativeTarget "CornerDemoTests" */;
			buildPhases = (
				840853951F04D61300D2AA17 /* Sources */,
				840853961F04D61300D2AA17 /* Frameworks */,
				840853971F04D61300D2AA17 /* Resources */,
			);
			buildRules = (
			);
			dependencies = (
				8408539B1F04D61300D2AA17 /* PBXTargetDependency */,
			);
			name = CornerDemoTests;
			productName = CornerDemoTests;
			productReference = 840853991F04D61300D2AA17 /* CornerDemoTests.xctest */;
			productType = "com.apple.product-type.bundle.unit-test";
		};
		840853A31F04D61300D2AA17 /* CornerDemoUITests */ = {
			isa = PBXNativeTarget;
			buildConfigurationList = 840853B31F04D61300D2AA17 /* Build configuration list for PBXNativeTarget "CornerDemoUITests" */;
			buildPhases = (
				840853A01F04D61300D2AA17 /* Sources */,
				840853A11F04D61300D2AA17 /* Frameworks */,
				840853A21F04D61300D2AA17 /* Resources */,
			);
			buildRules = (
			);
			dependencies = (
				840853A61F04D61300D2AA17 /* PBXTargetDependency */,
			);
			name = CornerDemoUITests;
			productName = CornerDemoUITests;
			productReference = 840853A41F04D61300D2AA17 /* CornerDemoUITests.xctest */;
			productType = "com.apple.product-type.bundle.ui-testing";
		};
/* End PBXNativeTarget section */

/* Begin PBXProject section */
		840853751F04D61200D2AA17 /* Project object */ = {
			isa = PBXProject;
			attributes = {
				LastUpgradeCheck = 0810;
				ORGANIZATIONNAME = wangjiuyin;
				TargetAttributes = {
					8408537C1F04D61200D2AA17 = {
						CreatedOnToolsVersion = 8.1;
						DevelopmentTeam = 538CZ4N2AQ;
						ProvisioningStyle = Automatic;
					};
					840853981F04D61300D2AA17 = {
						CreatedOnToolsVersion = 8.1;
						DevelopmentTeam = 538CZ4N2AQ;
						ProvisioningStyle = Automatic;
						TestTargetID = 8408537C1F04D61200D2AA17;
					};
					840853A31F04D61300D2AA17 = {
						CreatedOnToolsVersion = 8.1;
						DevelopmentTeam = 538CZ4N2AQ;
						ProvisioningStyle = Automatic;
						TestTargetID = 8408537C1F04D61200D2AA17;
					};
				};
			};
			buildConfigurationList = 840853781F04D61200D2AA17 /* Build configuration list for PBXProject "CornerDemo" */;
			compatibilityVersion = "Xcode 3.2";
			developmentRegion = English;
			hasScannedForEncodings = 0;
			knownRegions = (
				en,
				Base,
			);
			mainGroup = 840853741F04D61200D2AA17;
			productRefGroup = 8408537E1F04D61200D2AA17 /* Products */;
			projectDirPath = "";
			projectRoot = "";
			targets = (
				8408537C1F04D61200D2AA17 /* CornerDemo */,
				840853981F04D61300D2AA17 /* CornerDemoTests */,
				840853A31F04D61300D2AA17 /* CornerDemoUITests */,
			);
		};
/* End PBXProject section */

/* Begin PBXResourcesBuildPhase section */
		8408537B1F04D61200D2AA17 /* Resources */ = {
			isa = PBXResourcesBuildPhase;
			buildActionMask = 2147483647;
			files = (
				840853931F04D61300D2AA17 /* LaunchScreen.storyboard in Resources */,
				840853E01F04DB9500D2AA17 /* 1.png in Resources */,
				840853901F04D61300D2AA17 /* Assets.xcassets in Resources */,
				8408538B1F04D61300D2AA17 /* Main.storyboard in Resources */,
			);
			runOnlyForDeploymentPostprocessing = 0;
		};
		840853971F04D61300D2AA17 /* Resources */ = {
			isa = PBXResourcesBuildPhase;
			buildActionMask = 2147483647;
			files = (
			);
			runOnlyForDeploymentPostprocessing = 0;
		};
		840853A21F04D61300D2AA17 /* Resources */ = {
			isa = PBXResourcesBuildPhase;
			buildActionMask = 2147483647;
			files = (
			);
			runOnlyForDeploymentPostprocessing = 0;
		};
/* End PBXResourcesBuildPhase section */

/* Begin PBXSourcesBuildPhase section */
		840853791F04D61200D2AA17 /* Sources */ = {
			isa = PBXSourcesBuildPhase;
			buildActionMask = 2147483647;
			files = (
				840854151F04DE4600D2AA17 /* UIImage+GIF.m in Sources */,
				840853DC1F04D8E600D2AA17 /* NSLayoutConstraint+MASDebugAdditions.m in Sources */,
				8408541A1F04DE4600D2AA17 /* UIView+WebCache.m in Sources */,
				8408540C1F04DE4600D2AA17 /* SDImageCache.m in Sources */,
				8408541B1F04DE4600D2AA17 /* UIView+WebCacheOperation.m in Sources */,
				840853881F04D61300D2AA17 /* ViewController.m in Sources */,
				840853DA1F04D8E600D2AA17 /* MASViewConstraint.m in Sources */,
				840854171F04DE4600D2AA17 /* UIImage+WebP.m in Sources */,
				8408538E1F04D61300D2AA17 /* CornerDemo.xcdatamodeld in Sources */,
				840853851F04D61300D2AA17 /* AppDelegate.m in Sources */,
				840853821F04D61300D2AA17 /* main.m in Sources */,
				8408540F1F04DE4600D2AA17 /* SDWebImageDecoder.m in Sources */,
				840853DD1F04D8E600D2AA17 /* View+MASAdditions.m in Sources */,
				84EC3FE21F064D1A00267D4A /* TableViewCell.m in Sources */,
				840854141F04DE4600D2AA17 /* UIButton+WebCache.m in Sources */,
				840854121F04DE4600D2AA17 /* SDWebImageManager.m in Sources */,
				840853D51F04D8E600D2AA17 /* MASCompositeConstraint.m in Sources */,
				840854191F04DE4600D2AA17 /* UIImageView+WebCache.m in Sources */,
				8408540B1F04DE4600D2AA17 /* NSImage+WebCache.m in Sources */,
				840854091F04DE4600D2AA17 /* MKAnnotationView+WebCache.m in Sources */,
				840853D91F04D8E600D2AA17 /* MASViewAttribute.m in Sources */,
				8408540A1F04DE4600D2AA17 /* NSData+ImageContentType.m in Sources */,
				840854181F04DE4600D2AA17 /* UIImageView+HighlightedWebCache.m in Sources */,
				840854101F04DE4600D2AA17 /* SDWebImageDownloader.m in Sources */,
				840854131F04DE4600D2AA17 /* SDWebImagePrefetcher.m in Sources */,
				844897391F06441100CD35DD /* ListViewController.m in Sources */,
				8448973C1F06448000CD35DD /* ListControl.m in Sources */,
				840853D71F04D8E600D2AA17 /* MASConstraintMaker.m in Sources */,
				840853DB1F04D8E600D2AA17 /* NSArray+MASAdditions.m in Sources */,
				840854111F04DE4600D2AA17 /* SDWebImageDownloaderOperation.m in Sources */,
				840853D61F04D8E600D2AA17 /* MASConstraint.m in Sources */,
				840853D81F04D8E600D2AA17 /* MASLayoutConstraint.m in Sources */,
				840854161F04DE4600D2AA17 /* UIImage+MultiFormat.m in Sources */,
				8408540E1F04DE4600D2AA17 /* SDWebImageCompat.m in Sources */,
				84EC3FE91F06551300267D4A /* YYWeakProxy.m in Sources */,
				8408540D1F04DE4600D2AA17 /* SDImageCacheConfig.m in Sources */,
				840853BB1F04D66500D2AA17 /* UIView+RoundCorner.m in Sources */,
				84EC3FE81F06551300267D4A /* YYFPSLabel.m in Sources */,
			);
			runOnlyForDeploymentPostprocessing = 0;
		};
		840853951F04D61300D2AA17 /* Sources */ = {
			isa = PBXSourcesBuildPhase;
			buildActionMask = 2147483647;
			files = (
				8408539E1F04D61300D2AA17 /* CornerDemoTests.m in Sources */,
			);
			runOnlyForDeploymentPostprocessing = 0;
		};
		840853A01F04D61300D2AA17 /* Sources */ = {
			isa = PBXSourcesBuildPhase;
			buildActionMask = 2147483647;
			files = (
				840853A91F04D61300D2AA17 /* CornerDemoUITests.m in Sources */,
			);
			runOnlyForDeploymentPostprocessing = 0;
		};
/* End PBXSourcesBuildPhase section */

/* Begin PBXTargetDependency section */
		8408539B1F04D61300D2AA17 /* PBXTargetDependency */ = {
			isa = PBXTargetDependency;
			target = 8408537C1F04D61200D2AA17 /* CornerDemo */;
			targetProxy = 8408539A1F04D61300D2AA17 /* PBXContainerItemProxy */;
		};
		840853A61F04D61300D2AA17 /* PBXTargetDependency */ = {
			isa = PBXTargetDependency;
			target = 8408537C1F04D61200D2AA17 /* CornerDemo */;
			targetProxy = 840853A51F04D61300D2AA17 /* PBXContainerItemProxy */;
		};
/* End PBXTargetDependency section */

/* Begin PBXVariantGroup section */
		840853891F04D61300D2AA17 /* Main.storyboard */ = {
			isa = PBXVariantGroup;
			children = (
				8408538A1F04D61300D2AA17 /* Base */,
			);
			name = Main.storyboard;
			sourceTree = "<group>";
		};
		840853911F04D61300D2AA17 /* LaunchScreen.storyboard */ = {
			isa = PBXVariantGroup;
			children = (
				840853921F04D61300D2AA17 /* Base */,
			);
			name = LaunchScreen.storyboard;
			sourceTree = "<group>";
		};
/* End PBXVariantGroup section */

/* Begin XCBuildConfiguration section */
		840853AB1F04D61300D2AA17 /* Debug */ = {
			isa = XCBuildConfiguration;
			buildSettings = {
				ALWAYS_SEARCH_USER_PATHS = NO;
				CLANG_ANALYZER_NONNULL = YES;
				CLANG_CXX_LANGUAGE_STANDARD = "gnu++0x";
				CLANG_CXX_LIBRARY = "libc++";
				CLANG_ENABLE_MODULES = YES;
				CLANG_ENABLE_OBJC_ARC = YES;
				CLANG_WARN_BOOL_CONVERSION = YES;
				CLANG_WARN_CONSTANT_CONVERSION = YES;
				CLANG_WARN_DIRECT_OBJC_ISA_USAGE = YES_ERROR;
				CLANG_WARN_DOCUMENTATION_COMMENTS = YES;
				CLANG_WARN_EMPTY_BODY = YES;
				CLANG_WARN_ENUM_CONVERSION = YES;
				CLANG_WARN_INFINITE_RECURSION = YES;
				CLANG_WARN_INT_CONVERSION = YES;
				CLANG_WARN_OBJC_ROOT_CLASS = YES_ERROR;
				CLANG_WARN_SUSPICIOUS_MOVES = YES;
				CLANG_WARN_UNREACHABLE_CODE = YES;
				CLANG_WARN__DUPLICATE_METHOD_MATCH = YES;
				"CODE_SIGN_IDENTITY[sdk=iphoneos*]" = "iPhone Developer";
				COPY_PHASE_STRIP = NO;
				DEBUG_INFORMATION_FORMAT = dwarf;
				ENABLE_STRICT_OBJC_MSGSEND = YES;
				ENABLE_TESTABILITY = YES;
				GCC_C_LANGUAGE_STANDARD = gnu99;
				GCC_DYNAMIC_NO_PIC = NO;
				GCC_NO_COMMON_BLOCKS = YES;
				GCC_OPTIMIZATION_LEVEL = 0;
				GCC_PREPROCESSOR_DEFINITIONS = (
					"DEBUG=1",
					"$(inherited)",
				);
				GCC_WARN_64_TO_32_BIT_CONVERSION = YES;
				GCC_WARN_ABOUT_RETURN_TYPE = YES_ERROR;
				GCC_WARN_UNDECLARED_SELECTOR = YES;
				GCC_WARN_UNINITIALIZED_AUTOS = YES_AGGRESSIVE;
				GCC_WARN_UNUSED_FUNCTION = YES;
				GCC_WARN_UNUSED_VARIABLE = YES;
				IPHONEOS_DEPLOYMENT_TARGET = 10.1;
				MTL_ENABLE_DEBUG_INFO = YES;
				ONLY_ACTIVE_ARCH = YES;
				SDKROOT = iphoneos;
				TARGETED_DEVICE_FAMILY = "1,2";
			};
			name = Debug;
		};
		840853AC1F04D61300D2AA17 /* Release */ = {
			isa = XCBuildConfiguration;
			buildSettings = {
				ALWAYS_SEARCH_USER_PATHS = NO;
				CLANG_ANALYZER_NONNULL = YES;
				CLANG_CXX_LANGUAGE_STANDARD = "gnu++0x";
				CLANG_CXX_LIBRARY = "libc++";
				CLANG_ENABLE_MODULES = YES;
				CLANG_ENABLE_OBJC_ARC = YES;
				CLANG_WARN_BOOL_CONVERSION = YES;
				CLANG_WARN_CONSTANT_CONVERSION = YES;
				CLANG_WARN_DIRECT_OBJC_ISA_USAGE = YES_ERROR;
				CLANG_WARN_DOCUMENTATION_COMMENTS = YES;
				CLANG_WARN_EMPTY_BODY = YES;
				CLANG_WARN_ENUM_CONVERSION = YES;
				CLANG_WARN_INFINITE_RECURSION = YES;
				CLANG_WARN_INT_CONVERSION = YES;
				CLANG_WARN_OBJC_ROOT_CLASS = YES_ERROR;
				CLANG_WARN_SUSPICIOUS_MOVES = YES;
				CLANG_WARN_UNREACHABLE_CODE = YES;
				CLANG_WARN__DUPLICATE_METHOD_MATCH = YES;
				"CODE_SIGN_IDENTITY[sdk=iphoneos*]" = "iPhone Developer";
				COPY_PHASE_STRIP = NO;
				DEBUG_INFORMATION_FORMAT = "dwarf-with-dsym";
				ENABLE_NS_ASSERTIONS = NO;
				ENABLE_STRICT_OBJC_MSGSEND = YES;
				GCC_C_LANGUAGE_STANDARD = gnu99;
				GCC_NO_COMMON_BLOCKS = YES;
				GCC_WARN_64_TO_32_BIT_CONVERSION = YES;
				GCC_WARN_ABOUT_RETURN_TYPE = YES_ERROR;
				GCC_WARN_UNDECLARED_SELECTOR = YES;
				GCC_WARN_UNINITIALIZED_AUTOS = YES_AGGRESSIVE;
				GCC_WARN_UNUSED_FUNCTION = YES;
				GCC_WARN_UNUSED_VARIABLE = YES;
				IPHONEOS_DEPLOYMENT_TARGET = 10.1;
				MTL_ENABLE_DEBUG_INFO = NO;
				SDKROOT = iphoneos;
				TARGETED_DEVICE_FAMILY = "1,2";
				VALIDATE_PRODUCT = YES;
			};
			name = Release;
		};
		840853AE1F04D61300D2AA17 /* Debug */ = {
			isa = XCBuildConfiguration;
			buildSettings = {
				ASSETCATALOG_COMPILER_APPICON_NAME = AppIcon;
				DEVELOPMENT_TEAM = 538CZ4N2AQ;
				GCC_PRECOMPILE_PREFIX_HEADER = YES;
				GCC_PREFIX_HEADER = PrefixHeader.pch;
				INFOPLIST_FILE = CornerDemo/Info.plist;
				LD_RUNPATH_SEARCH_PATHS = "$(inherited) @executable_path/Frameworks";
				PRODUCT_BUNDLE_IDENTIFIER = com.jiemian.CornerDemo;
				PRODUCT_NAME = "$(TARGET_NAME)";
			};
			name = Debug;
		};
		840853AF1F04D61300D2AA17 /* Release */ = {
			isa = XCBuildConfiguration;
			buildSettings = {
				ASSETCATALOG_COMPILER_APPICON_NAME = AppIcon;
				DEVELOPMENT_TEAM = 538CZ4N2AQ;
				GCC_PRECOMPILE_PREFIX_HEADER = YES;
				GCC_PREFIX_HEADER = PrefixHeader.pch;
				INFOPLIST_FILE = CornerDemo/Info.plist;
				LD_RUNPATH_SEARCH_PATHS = "$(inherited) @executable_path/Frameworks";
				PRODUCT_BUNDLE_IDENTIFIER = com.jiemian.CornerDemo;
				PRODUCT_NAME = "$(TARGET_NAME)";
			};
			name = Release;
		};
		840853B11F04D61300D2AA17 /* Debug */ = {
			isa = XCBuildConfiguration;
			buildSettings = {
				BUNDLE_LOADER = "$(TEST_HOST)";
				DEVELOPMENT_TEAM = 538CZ4N2AQ;
				INFOPLIST_FILE = CornerDemoTests/Info.plist;
				LD_RUNPATH_SEARCH_PATHS = "$(inherited) @executable_path/Frameworks @loader_path/Frameworks";
				PRODUCT_BUNDLE_IDENTIFIER = com.jiemian.CornerDemoTests;
				PRODUCT_NAME = "$(TARGET_NAME)";
				TEST_HOST = "$(BUILT_PRODUCTS_DIR)/CornerDemo.app/CornerDemo";
			};
			name = Debug;
		};
		840853B21F04D61300D2AA17 /* Release */ = {
			isa = XCBuildConfiguration;
			buildSettings = {
				BUNDLE_LOADER = "$(TEST_HOST)";
				DEVELOPMENT_TEAM = 538CZ4N2AQ;
				INFOPLIST_FILE = CornerDemoTests/Info.plist;
				LD_RUNPATH_SEARCH_PATHS = "$(inherited) @executable_path/Frameworks @loader_path/Frameworks";
				PRODUCT_BUNDLE_IDENTIFIER = com.jiemian.CornerDemoTests;
				PRODUCT_NAME = "$(TARGET_NAME)";
				TEST_HOST = "$(BUILT_PRODUCTS_DIR)/CornerDemo.app/CornerDemo";
			};
			name = Release;
		};
		840853B41F04D61300D2AA17 /* Debug */ = {
			isa = XCBuildConfiguration;
			buildSettings = {
				DEVELOPMENT_TEAM = 538CZ4N2AQ;
				INFOPLIST_FILE = CornerDemoUITests/Info.plist;
				LD_RUNPATH_SEARCH_PATHS = "$(inherited) @executable_path/Frameworks @loader_path/Frameworks";
				PRODUCT_BUNDLE_IDENTIFIER = com.jiemian.CornerDemoUITests;
				PRODUCT_NAME = "$(TARGET_NAME)";
				TEST_TARGET_NAME = CornerDemo;
			};
			name = Debug;
		};
		840853B51F04D61300D2AA17 /* Release */ = {
			isa = XCBuildConfiguration;
			buildSettings = {
				DEVELOPMENT_TEAM = 538CZ4N2AQ;
				INFOPLIST_FILE = CornerDemoUITests/Info.plist;
				LD_RUNPATH_SEARCH_PATHS = "$(inherited) @executable_path/Frameworks @loader_path/Frameworks";
				PRODUCT_BUNDLE_IDENTIFIER = com.jiemian.CornerDemoUITests;
				PRODUCT_NAME = "$(TARGET_NAME)";
				TEST_TARGET_NAME = CornerDemo;
			};
			name = Release;
		};
/* End XCBuildConfiguration section */

/* Begin XCConfigurationList section */
		840853781F04D61200D2AA17 /* Build configuration list for PBXProject "CornerDemo" */ = {
			isa = XCConfigurationList;
			buildConfigurations = (
				840853AB1F04D61300D2AA17 /* Debug */,
				840853AC1F04D61300D2AA17 /* Release */,
			);
			defaultConfigurationIsVisible = 0;
			defaultConfigurationName = Release;
		};
		840853AD1F04D61300D2AA17 /* Build configuration list for PBXNativeTarget "CornerDemo" */ = {
			isa = XCConfigurationList;
			buildConfigurations = (
				840853AE1F04D61300D2AA17 /* Debug */,
				840853AF1F04D61300D2AA17 /* Release */,
			);
			defaultConfigurationIsVisible = 0;
			defaultConfigurationName = Release;
		};
		840853B01F04D61300D2AA17 /* Build configuration list for PBXNativeTarget "CornerDemoTests" */ = {
			isa = XCConfigurationList;
			buildConfigurations = (
				840853B11F04D61300D2AA17 /* Debug */,
				840853B21F04D61300D2AA17 /* Release */,
			);
			defaultConfigurationIsVisible = 0;
			defaultConfigurationName = Release;
		};
		840853B31F04D61300D2AA17 /* Build configuration list for PBXNativeTarget "CornerDemoUITests" */ = {
			isa = XCConfigurationList;
			buildConfigurations = (
				840853B41F04D61300D2AA17 /* Debug */,
				840853B51F04D61300D2AA17 /* Release */,
			);
			defaultConfigurationIsVisible = 0;
			defaultConfigurationName = Release;
		};
/* End XCConfigurationList section */

/* Begin XCVersionGroup section */
		8408538C1F04D61300D2AA17 /* CornerDemo.xcdatamodeld */ = {
			isa = XCVersionGroup;
			children = (
				8408538D1F04D61300D2AA17 /* CornerDemo.xcdatamodel */,
			);
			currentVersion = 8408538D1F04D61300D2AA17 /* CornerDemo.xcdatamodel */;
			path = CornerDemo.xcdatamodeld;
			sourceTree = "<group>";
			versionGroupType = wrapper.xcdatamodel;
		};
/* End XCVersionGroup section */
	};
	rootObject = 840853751F04D61200D2AA17 /* Project object */;
}
